PODS:
  - EmptyDataSet-Swift (5.0.0)
  - HandyJSON (5.0.2)
  - Realm (10.5.1):
    - Realm/Headers (= 10.5.1)
  - Realm/Headers (10.5.1)
  - RealmSwift (10.5.1):
    - Realm (= 10.5.1)
  - SnapKit (5.0.1)
  - SVProgressHUD (2.2.5)
  - Toaster (2.3.0)

DEPENDENCIES:
  - EmptyDataSet-Swift
  - HandyJSON
  - RealmSwift
  - SnapKit
  - SVProgressHUD
  - Toaster

SPEC REPOS:
  https://github.com/CocoaPods/Specs.git:
    - EmptyDataSet-Swift
    - HandyJSON
    - Realm
    - RealmSwift
    - SnapKit
    - SVProgressHUD
    - Toaster

SPEC CHECKSUMS:
  EmptyDataSet-Swift: eb382c0c87a2d9c678077385a595cec52da38171
  HandyJSON: 9e4e236f5d2dbefad5155a77417bbea438201c03
  Realm: 77fcb4e0b9f2963ea06f584749a0d7dc9cab95e1
  RealmSwift: 6abe6aa6cd8b70cc1a87afcb9232cabea74ff1ac
  SnapKit: 97b92857e3df3a0c71833cce143274bf6ef8e5eb
  SVProgressHUD: 1428aafac632c1f86f62aa4243ec12008d7a51d6
  Toaster: c3473963c78e8cabbf6ea6f11ad0fdaae6f54987

PODFILE CHECKSUM: 8f80e64a2ef8ac6dbf149b41445c0cda6eb4115f

COCOAPODS: 1.10.1
